# This file is automatically @generated by Cargo.
# It is not intended for manual editing.
version = 3

[[package]]
name = "custom-core"
version = "0.1.0"

[[package]]
name = "custom-std"
version = "0.1.0"

[[package]]
name = "project_template"
version = "0.1.0"
dependencies = [
 "custom-core",
 "custom-std",
]
